
Microsoft Visual Studio Solution File, Format Version 12.00
# Visual Studio 15
VisualStudioVersion = 15.0.28010.2041
MinimumVisualStudioVersion = 10.0.40219.1
Project("{FAE04EC0-301F-11D3-BF4B-00C04F79EFBC}") = "Feedback.MVC", "Feedback\Feedback.MVC.csproj", "{631382B2-C2D9-4237-961D-C5C05E79CF1C}"
EndProject
Project("{FAE04EC0-301F-11D3-BF4B-00C04F79EFBC}") = "Feedback.Service", "Feedback.Service\Feedback.Service.csproj", "{F7AA0528-BB37-4778-BE8D-B781D4F0EFF7}"
EndProject
Project("{FAE04EC0-301F-11D3-BF4B-00C04F79EFBC}") = "Feedback.DAL", "Feedback.DAL\Feedback.DAL.csproj", "{4341D583-329C-49D3-9467-D8175ED154C7}"
EndProject
Global
	GlobalSection(SolutionConfigurationPlatforms) = preSolution
		Debug|Any CPU = Debug|Any CPU
		Release|Any CPU = Release|Any CPU
	EndGlobalSection
	GlobalSection(ProjectConfigurationPlatforms) = postSolution
		{631382B2-C2D9-4237-961D-C5C05E79CF1C}.Debug|Any CPU.ActiveCfg = Debug|Any CPU
		{631382B2-C2D9-4237-961D-C5C05E79CF1C}.Debug|Any CPU.Build.0 = Debug|Any CPU
		{631382B2-C2D9-4237-961D-C5C05E79CF1C}.Release|Any CPU.ActiveCfg = Release|Any CPU
		{631382B2-C2D9-4237-961D-C5C05E79CF1C}.Release|Any CPU.Build.0 = Release|Any CPU
		{F7AA0528-BB37-4778-BE8D-B781D4F0EFF7}.Debug|Any CPU.ActiveCfg = Debug|Any CPU
		{F7AA0528-BB37-4778-BE8D-B781D4F0EFF7}.Debug|Any CPU.Build.0 = Debug|Any CPU
		{F7AA0528-BB37-4778-BE8D-B781D4F0EFF7}.Release|Any CPU.ActiveCfg = Release|Any CPU
		{F7AA0528-BB37-4778-BE8D-B781D4F0EFF7}.Release|Any CPU.Build.0 = Release|Any CPU
		{4341D583-329C-49D3-9467-D8175ED154C7}.Debug|Any CPU.ActiveCfg = Debug|Any CPU
		{4341D583-329C-49D3-9467-D8175ED154C7}.Debug|Any CPU.Build.0 = Debug|Any CPU
		{4341D583-329C-49D3-9467-D8175ED154C7}.Release|Any CPU.ActiveCfg = Release|Any CPU
		{4341D583-329C-49D3-9467-D8175ED154C7}.Release|Any CPU.Build.0 = Release|Any CPU
	EndGlobalSection
	GlobalSection(SolutionProperties) = preSolution
		HideSolutionNode = FALSE
	EndGlobalSection
	GlobalSection(ExtensibilityGlobals) = postSolution
		SolutionGuid = {86FAA9B0-01E3-4E0D-8B6E-70BFD8AB3001}
	EndGlobalSection
EndGlobal
